Microsoft Visual Studio Solution File, Format Version 8.00
Project("{8BC9CEB8-8B4A-11D0-8D11-00A0C91BC942}") = "Imaging", "Imaging.vcproj", "{74AB5EB8-5A6A-4376-A87A-E361F1C01511}"
	ProjectSection(ProjectDependencies) = postProject
	EndProjectSection
EndProject
Global
	GlobalSection(SolutionConfiguration) = preSolution
		Debug = Debug
		Release = Release
	EndGlobalSection
	GlobalSection(ProjectConfiguration) = postSolution
		{74AB5EB8-5A6A-4376-A87A-E361F1C01511}.Debug.ActiveCfg = Debug|Win32
		{74AB5EB8-5A6A-4376-A87A-E361F1C01511}.Debug.Build.0 = Debug|Win32
		{74AB5EB8-5A6A-4376-A87A-E361F1C01511}.Release.ActiveCfg = Release|Win32
		{74AB5EB8-5A6A-4376-A87A-E361F1C01511}.Release.Build.0 = Release|Win32
	EndGlobalSection
	GlobalSection(ExtensibilityGlobals) = postSolution
	EndGlobalSection
	GlobalSection(ExtensibilityAddIns) = postSolution
	EndGlobalSection
EndGlobal
