
Microsoft Visual Studio Solution File, Format Version 12.00
# Visual Studio Version 16
VisualStudioVersion = 16.0.29806.167
MinimumVisualStudioVersion = 10.0.40219.1
Project("{8BC9CEB8-8B4A-11D0-8D11-00A0C91BC942}") = "DataTypes-VS2019", "DataTypes-VS2019.vcxproj", "{773D7310-70C2-4779-B5B3-F6182AC6AF83}"
EndProject
Global
	GlobalSection(SolutionConfigurationPlatforms) = preSolution
		Debug|x86 = Debug|x86
		Release|x86 = Release|x86
	EndGlobalSection
	GlobalSection(ProjectConfigurationPlatforms) = postSolution
		{773D7310-70C2-4779-B5B3-F6182AC6AF83}.Debug|x86.ActiveCfg = Debug|Win32
		{773D7310-70C2-4779-B5B3-F6182AC6AF83}.Debug|x86.Build.0 = Debug|Win32
		{773D7310-70C2-4779-B5B3-F6182AC6AF83}.Release|x86.ActiveCfg = Release|Win32
		{773D7310-70C2-4779-B5B3-F6182AC6AF83}.Release|x86.Build.0 = Release|Win32
	EndGlobalSection
	GlobalSection(SolutionProperties) = preSolution
		HideSolutionNode = FALSE
	EndGlobalSection
	GlobalSection(ExtensibilityGlobals) = postSolution
		SolutionGuid = {D1BFFBA2-7662-4A0C-B61B-06642B5B7AC1}
	EndGlobalSection
EndGlobal
