
Microsoft Visual Studio Solution File, Format Version 12.00
# Visual Studio Version 16
VisualStudioVersion = 16.0.30717.126
MinimumVisualStudioVersion = 10.0.40219.1
Project("{FAE04EC0-301F-11D3-BF4B-00C04F79EFBC}") = "csStringsDemo", "csStringsDemo.csproj", "{C771441B-EB33-4EF6-8596-87AC72CC2AB7}"
EndProject
Global
	GlobalSection(SolutionConfigurationPlatforms) = preSolution
		Debug|Any CPU = Debug|Any CPU
		Release|Any CPU = Release|Any CPU
	EndGlobalSection
	GlobalSection(ProjectConfigurationPlatforms) = postSolution
		{C771441B-EB33-4EF6-8596-87AC72CC2AB7}.Debug|Any CPU.ActiveCfg = Debug|Any CPU
		{C771441B-EB33-4EF6-8596-87AC72CC2AB7}.Debug|Any CPU.Build.0 = Debug|Any CPU
		{C771441B-EB33-4EF6-8596-87AC72CC2AB7}.Release|Any CPU.ActiveCfg = Release|Any CPU
		{C771441B-EB33-4EF6-8596-87AC72CC2AB7}.Release|Any CPU.Build.0 = Release|Any CPU
	EndGlobalSection
	GlobalSection(SolutionProperties) = preSolution
		HideSolutionNode = FALSE
	EndGlobalSection
	GlobalSection(ExtensibilityGlobals) = postSolution
		SolutionGuid = {7C22423A-3033-4D96-A36A-20D386CC5244}
	EndGlobalSection
EndGlobal
