
Microsoft Visual Studio Solution File, Format Version 12.00
# Visual Studio Version 16
VisualStudioVersion = 16.0.30128.74
MinimumVisualStudioVersion = 10.0.40219.1
Project("{8BC9CEB8-8B4A-11D0-8D11-00A0C91BC942}") = "UndefinedBehaviour", "UndefinedBehaviour\UndefinedBehaviour.vcxproj", "{E663DC0B-01AE-43FB-B515-3E494DD394F0}"
EndProject
Global
	GlobalSection(SolutionConfigurationPlatforms) = preSolution
		Debug|x64 = Debug|x64
		Debug|x86 = Debug|x86
		Release|x64 = Release|x64
		Release|x86 = Release|x86
	EndGlobalSection
	GlobalSection(ProjectConfigurationPlatforms) = postSolution
		{E663DC0B-01AE-43FB-B515-3E494DD394F0}.Debug|x64.ActiveCfg = Debug|x64
		{E663DC0B-01AE-43FB-B515-3E494DD394F0}.Debug|x64.Build.0 = Debug|x64
		{E663DC0B-01AE-43FB-B515-3E494DD394F0}.Debug|x86.ActiveCfg = Debug|Win32
		{E663DC0B-01AE-43FB-B515-3E494DD394F0}.Debug|x86.Build.0 = Debug|Win32
		{E663DC0B-01AE-43FB-B515-3E494DD394F0}.Release|x64.ActiveCfg = Release|x64
		{E663DC0B-01AE-43FB-B515-3E494DD394F0}.Release|x64.Build.0 = Release|x64
		{E663DC0B-01AE-43FB-B515-3E494DD394F0}.Release|x86.ActiveCfg = Release|Win32
		{E663DC0B-01AE-43FB-B515-3E494DD394F0}.Release|x86.Build.0 = Release|Win32
	EndGlobalSection
	GlobalSection(SolutionProperties) = preSolution
		HideSolutionNode = FALSE
	EndGlobalSection
	GlobalSection(ExtensibilityGlobals) = postSolution
		SolutionGuid = {8EA9FB07-1F3B-4DB8-B9CA-BE9F6C48C0BD}
	EndGlobalSection
EndGlobal
