
Microsoft Visual Studio Solution File, Format Version 12.00
# Visual Studio Version 16
VisualStudioVersion = 16.0.30621.155
MinimumVisualStudioVersion = 10.0.40219.1
Project("{FAE04EC0-301F-11D3-BF4B-00C04F79EFBC}") = "SampleConsole", "SampleConsole.csproj", "{F554A82B-8401-4005-913A-40F38D81C7AF}"
EndProject
Global
	GlobalSection(SolutionConfigurationPlatforms) = preSolution
		Debug|Any CPU = Debug|Any CPU
		Release|Any CPU = Release|Any CPU
	EndGlobalSection
	GlobalSection(ProjectConfigurationPlatforms) = postSolution
		{F554A82B-8401-4005-913A-40F38D81C7AF}.Debug|Any CPU.ActiveCfg = Debug|Any CPU
		{F554A82B-8401-4005-913A-40F38D81C7AF}.Debug|Any CPU.Build.0 = Debug|Any CPU
		{F554A82B-8401-4005-913A-40F38D81C7AF}.Release|Any CPU.ActiveCfg = Release|Any CPU
		{F554A82B-8401-4005-913A-40F38D81C7AF}.Release|Any CPU.Build.0 = Release|Any CPU
	EndGlobalSection
	GlobalSection(SolutionProperties) = preSolution
		HideSolutionNode = FALSE
	EndGlobalSection
	GlobalSection(ExtensibilityGlobals) = postSolution
		SolutionGuid = {03387AEB-E4A1-4A42-AB49-B00039524BDF}
	EndGlobalSection
EndGlobal
